// !$*UTF8*$!
{
	archiveVersion = 1;
	classes = {
	};
	objectVersion = 56;
	objects = {

/* Begin PBXBuildFile section */
		339E835D29F27C7800614D32 /* swiftUI_100App.swift in Sources */ = {isa = PBXBuildFile; fileRef = 339E835C29F27C7800614D32 /* swiftUI_100App.swift */; };
		339E835F29F27C7800614D32 /* ContentView.swift in Sources */ = {isa = PBXBuildFile; fileRef = 339E835E29F27C7800614D32 /* ContentView.swift */; };
		339E836129F27C7900614D32 /* Assets.xcassets in Resources */ = {isa = PBXBuildFile; fileRef = 339E836029F27C7800614D32 /* Assets.xcassets */; };
		339E836429F27C7900614D32 /* Preview Assets.xcassets in Resources */ = {isa = PBXBuildFile; fileRef = 339E836329F27C7900614D32 /* Preview Assets.xcassets */; };
		339E836E29F27C7900614D32 /* swiftUI_100Tests.swift in Sources */ = {isa = PBXBuildFile; fileRef = 339E836D29F27C7900614D32 /* swiftUI_100Tests.swift */; };
		339E837829F27C7900614D32 /* swiftUI_100UITests.swift in Sources */ = {isa = PBXBuildFile; fileRef = 339E837729F27C7900614D32 /* swiftUI_100UITests.swift */; };
		339E837A29F27C7900614D32 /* swiftUI_100UITestsLaunchTests.swift in Sources */ = {isa = PBXBuildFile; fileRef = 339E837929F27C7900614D32 /* swiftUI_100UITestsLaunchTests.swift */; };
		339E838729F2813700614D32 /* swiftUI001.swift in Sources */ = {isa = PBXBuildFile; fileRef = 339E838629F2813700614D32 /* swiftUI001.swift */; };
		33B9357029FB9AA20091FFB7 /* Lesson2.swift in Sources */ = {isa = PBXBuildFile; fileRef = 33B9356F29FB9AA20091FFB7 /* Lesson2.swift */; };
		33B9357229FB9C9E0091FFB7 /* Lesson3.swift in Sources */ = {isa = PBXBuildFile; fileRef = 33B9357129FB9C9E0091FFB7 /* Lesson3.swift */; };
		33B9357429FB9DC90091FFB7 /* Lesson4.swift in Sources */ = {isa = PBXBuildFile; fileRef = 33B9357329FB9DC90091FFB7 /* Lesson4.swift */; };
		33B9357629FB9F600091FFB7 /* Lesson5.swift in Sources */ = {isa = PBXBuildFile; fileRef = 33B9357529FB9F600091FFB7 /* Lesson5.swift */; };
		33B9357829FBA08A0091FFB7 /* Lesson6.swift in Sources */ = {isa = PBXBuildFile; fileRef = 33B9357729FBA08A0091FFB7 /* Lesson6.swift */; };
		33B9357A29FBA1CD0091FFB7 /* Lesson7.swift in Sources */ = {isa = PBXBuildFile; fileRef = 33B9357929FBA1CD0091FFB7 /* Lesson7.swift */; };
/* End PBXBuildFile section */

/* Begin PBXContainerItemProxy section */
		339E836A29F27C7900614D32 /* PBXContainerItemProxy */ = {
			isa = PBXContainerItemProxy;
			containerPortal = 339E835129F27C7800614D32 /* Project object */;
			proxyType = 1;
			remoteGlobalIDString = 339E835829F27C7800614D32;
			remoteInfo = swiftUI_100;
		};
		339E837429F27C7900614D32 /* PBXContainerItemProxy */ = {
			isa = PBXContainerItemProxy;
			containerPortal = 339E835129F27C7800614D32 /* Project object */;
			proxyType = 1;
			remoteGlobalIDString = 339E835829F27C7800614D32;
			remoteInfo = swiftUI_100;
		};
/* End PBXContainerItemProxy section */

/* Begin PBXFileReference section */
		339E835929F27C7800614D32 /* swiftUI_100.app */ = {isa = PBXFileReference; explicitFileType = wrapper.application; includeInIndex = 0; path = swiftUI_100.app; sourceTree = BUILT_PRODUCTS_DIR; };
		339E835C29F27C7800614D32 /* swiftUI_100App.swift */ = {isa = PBXFileReference; lastKnownFileType = sourcecode.swift; path = swiftUI_100App.swift; sourceTree = "<group>"; };
		339E835E29F27C7800614D32 /* ContentView.swift */ = {isa = PBXFileReference; lastKnownFileType = sourcecode.swift; path = ContentView.swift; sourceTree = "<group>"; };
		339E836029F27C7800614D32 /* Assets.xcassets */ = {isa = PBXFileReference; lastKnownFileType = folder.assetcatalog; path = Assets.xcassets; sourceTree = "<group>"; };
		339E836329F27C7900614D32 /* Preview Assets.xcassets */ = {isa = PBXFileReference; lastKnownFileType = folder.assetcatalog; path = "Preview Assets.xcassets"; sourceTree = "<group>"; };
		339E836929F27C7900614D32 /* swiftUI_100Tests.xctest */ = {isa = PBXFileReference; explicitFileType = wrapper.cfbundle; includeInIndex = 0; path = swiftUI_100Tests.xctest; sourceTree = BUILT_PRODUCTS_DIR; };
		339E836D29F27C7900614D32 /* swiftUI_100Tests.swift */ = {isa = PBXFileReference; lastKnownFileType = sourcecode.swift; path = swiftUI_100Tests.swift; sourceTree = "<group>"; };
		339E837329F27C7900614D32 /* swiftUI_100UITests.xctest */ = {isa = PBXFileReference; explicitFileType = wrapper.cfbundle; includeInIndex = 0; path = swiftUI_100UITests.xctest; sourceTree = BUILT_PRODUCTS_DIR; };
		339E837729F27C7900614D32 /* swiftUI_100UITests.swift */ = {isa = PBXFileReference; lastKnownFileType = sourcecode.swift; path = swiftUI_100UITests.swift; sourceTree = "<group>"; };
		339E837929F27C7900614D32 /* swiftUI_100UITestsLaunchTests.swift */ = {isa = PBXFileReference; lastKnownFileType = sourcecode.swift; path = swiftUI_100UITestsLaunchTests.swift; sourceTree = "<group>"; };
		339E838629F2813700614D32 /* swiftUI001.swift */ = {isa = PBXFileReference; lastKnownFileType = sourcecode.swift; path = swiftUI001.swift; sourceTree = "<group>"; };
		33B9356F29FB9AA20091FFB7 /* Lesson2.swift */ = {isa = PBXFileReference; lastKnownFileType = sourcecode.swift; path = Lesson2.swift; sourceTree = "<group>"; };
		33B9357129FB9C9E0091FFB7 /* Lesson3.swift */ = {isa = PBXFileReference; lastKnownFileType = sourcecode.swift; path = Lesson3.swift; sourceTree = "<group>"; };
		33B9357329FB9DC90091FFB7 /* Lesson4.swift */ = {isa = PBXFileReference; lastKnownFileType = sourcecode.swift; path = Lesson4.swift; sourceTree = "<group>"; };
		33B9357529FB9F600091FFB7 /* Lesson5.swift */ = {isa = PBXFileReference; lastKnownFileType = sourcecode.swift; path = Lesson5.swift; sourceTree = "<group>"; };
		33B9357729FBA08A0091FFB7 /* Lesson6.swift */ = {isa = PBXFileReference; lastKnownFileType = sourcecode.swift; path = Lesson6.swift; sourceTree = "<group>"; };
		33B9357929FBA1CD0091FFB7 /* Lesson7.swift */ = {isa = PBXFileReference; lastKnownFileType = sourcecode.swift; path = Lesson7.swift; sourceTree = "<group>"; };
/* End PBXFileReference section */

/* Begin PBXFrameworksBuildPhase section */
		339E835629F27C7800614D32 /* Frameworks */ = {
			isa = PBXFrameworksBuildPhase;
			buildActionMask = 2147483647;
			files = (
			);
			runOnlyForDeploymentPostprocessing = 0;
		};
		339E836629F27C7900614D32 /* Frameworks */ = {
			isa = PBXFrameworksBuildPhase;
			buildActionMask = 2147483647;
			files = (
			);
			runOnlyForDeploymentPostprocessing = 0;
		};
		339E837029F27C7900614D32 /* Frameworks */ = {
			isa = PBXFrameworksBuildPhase;
			buildActionMask = 2147483647;
			files = (
			);
			runOnlyForDeploymentPostprocessing = 0;
		};
/* End PBXFrameworksBuildPhase section */

/* Begin PBXGroup section */
		339E835029F27C7800614D32 = {
			isa = PBXGroup;
			children = (
				339E835B29F27C7800614D32 /* swiftUI_100 */,
				339E836C29F27C7900614D32 /* swiftUI_100Tests */,
				339E837629F27C7900614D32 /* swiftUI_100UITests */,
				339E835A29F27C7800614D32 /* Products */,
			);
			sourceTree = "<group>";
		};
		339E835A29F27C7800614D32 /* Products */ = {
			isa = PBXGroup;
			children = (
				339E835929F27C7800614D32 /* swiftUI_100.app */,
				339E836929F27C7900614D32 /* swiftUI_100Tests.xctest */,
				339E837329F27C7900614D32 /* swiftUI_100UITests.xctest */,
			);
			name = Products;
			sourceTree = "<group>";
		};
		339E835B29F27C7800614D32 /* swiftUI_100 */ = {
			isa = PBXGroup;
			children = (
				339E835C29F27C7800614D32 /* swiftUI_100App.swift */,
				339E835E29F27C7800614D32 /* ContentView.swift */,
				339E836029F27C7800614D32 /* Assets.xcassets */,
				339E838629F2813700614D32 /* swiftUI001.swift */,
				339E836229F27C7900614D32 /* Preview Content */,
				33B9356F29FB9AA20091FFB7 /* Lesson2.swift */,
				33B9357129FB9C9E0091FFB7 /* Lesson3.swift */,
				33B9357329FB9DC90091FFB7 /* Lesson4.swift */,
				33B9357529FB9F600091FFB7 /* Lesson5.swift */,
				33B9357729FBA08A0091FFB7 /* Lesson6.swift */,
				33B9357929FBA1CD0091FFB7 /* Lesson7.swift */,
			);
			path = swiftUI_100;
			sourceTree = "<group>";
		};
		339E836229F27C7900614D32 /* Preview Content */ = {
			isa = PBXGroup;
			children = (
				339E836329F27C7900614D32 /* Preview Assets.xcassets */,
			);
			path = "Preview Content";
			sourceTree = "<group>";
		};
		339E836C29F27C7900614D32 /* swiftUI_100Tests */ = {
			isa = PBXGroup;
			children = (
				339E836D29F27C7900614D32 /* swiftUI_100Tests.swift */,
			);
			path = swiftUI_100Tests;
			sourceTree = "<group>";
		};
		339E837629F27C7900614D32 /* swiftUI_100UITests */ = {
			isa = PBXGroup;
			children = (
				339E837729F27C7900614D32 /* swiftUI_100UITests.swift */,
				339E837929F27C7900614D32 /* swiftUI_100UITestsLaunchTests.swift */,
			);
			path = swiftUI_100UITests;
			sourceTree = "<group>";
		};
/* End PBXGroup section */

/* Begin PBXNativeTarget section */
		339E835829F27C7800614D32 /* swiftUI_100 */ = {
			isa = PBXNativeTarget;
			buildConfigurationList = 339E837D29F27C7900614D32 /* Build configuration list for PBXNativeTarget "swiftUI_100" */;
			buildPhases = (
				339E835529F27C7800614D32 /* Sources */,
				339E835629F27C7800614D32 /* Frameworks */,
				339E835729F27C7800614D32 /* Resources */,
			);
			buildRules = (
			);
			dependencies = (
			);
			name = swiftUI_100;
			productName = swiftUI_100;
			productReference = 339E835929F27C7800614D32 /* swiftUI_100.app */;
			productType = "com.apple.product-type.application";
		};
		339E836829F27C7900614D32 /* swiftUI_100Tests */ = {
			isa = PBXNativeTarget;
			buildConfigurationList = 339E838029F27C7900614D32 /* Build configuration list for PBXNativeTarget "swiftUI_100Tests" */;
			buildPhases = (
				339E836529F27C7900614D32 /* Sources */,
				339E836629F27C7900614D32 /* Frameworks */,
				339E836729F27C7900614D32 /* Resources */,
			);
			buildRules = (
			);
			dependencies = (
				339E836B29F27C7900614D32 /* PBXTargetDependency */,
			);
			name = swiftUI_100Tests;
			productName = swiftUI_100Tests;
			productReference = 339E836929F27C7900614D32 /* swiftUI_100Tests.xctest */;
			productType = "com.apple.product-type.bundle.unit-test";
		};
		339E837229F27C7900614D32 /* swiftUI_100UITests */ = {
			isa = PBXNativeTarget;
			buildConfigurationList = 339E838329F27C7900614D32 /* Build configuration list for PBXNativeTarget "swiftUI_100UITests" */;
			buildPhases = (
				339E836F29F27C7900614D32 /* Sources */,
				339E837029F27C7900614D32 /* Frameworks */,
				339E837129F27C7900614D32 /* Resources */,
			);
			buildRules = (
			);
			dependencies = (
				339E837529F27C7900614D32 /* PBXTargetDependency */,
			);
			name = swiftUI_100UITests;
			productName = swiftUI_100UITests;
			productReference = 339E837329F27C7900614D32 /* swiftUI_100UITests.xctest */;
			productType = "com.apple.product-type.bundle.ui-testing";
		};
/* End PBXNativeTarget section */

/* Begin PBXProject section */
		339E835129F27C7800614D32 /* Project object */ = {
			isa = PBXProject;
			attributes = {
				BuildIndependentTargetsInParallel = 1;
				LastSwiftUpdateCheck = 1400;
				LastUpgradeCheck = 1400;
				TargetAttributes = {
					339E835829F27C7800614D32 = {
						CreatedOnToolsVersion = 14.0.1;
					};
					339E836829F27C7900614D32 = {
						CreatedOnToolsVersion = 14.0.1;
						TestTargetID = 339E835829F27C7800614D32;
					};
					339E837229F27C7900614D32 = {
						CreatedOnToolsVersion = 14.0.1;
						TestTargetID = 339E835829F27C7800614D32;
					};
				};
			};
			buildConfigurationList = 339E835429F27C7800614D32 /* Build configuration list for PBXProject "swiftUI_100" */;
			compatibilityVersion = "Xcode 14.0";
			developmentRegion = en;
			hasScannedForEncodings = 0;
			knownRegions = (
				en,
				Base,
			);
			mainGroup = 339E835029F27C7800614D32;
			productRefGroup = 339E835A29F27C7800614D32 /* Products */;
			projectDirPath = "";
			projectRoot = "";
			targets = (
				339E835829F27C7800614D32 /* swiftUI_100 */,
				339E836829F27C7900614D32 /* swiftUI_100Tests */,
				339E837229F27C7900614D32 /* swiftUI_100UITests */,
			);
		};
/* End PBXProject section */

/* Begin PBXResourcesBuildPhase section */
		339E835729F27C7800614D32 /* Resources */ = {
			isa = PBXResourcesBuildPhase;
			buildActionMask = 2147483647;
			files = (
				339E836429F27C7900614D32 /* Preview Assets.xcassets in Resources */,
				339E836129F27C7900614D32 /* Assets.xcassets in Resources */,
			);
			runOnlyForDeploymentPostprocessing = 0;
		};
		339E836729F27C7900614D32 /* Resources */ = {
			isa = PBXResourcesBuildPhase;
			buildActionMask = 2147483647;
			files = (
			);
			runOnlyForDeploymentPostprocessing = 0;
		};
		339E837129F27C7900614D32 /* Resources */ = {
			isa = PBXResourcesBuildPhase;
			buildActionMask = 2147483647;
			files = (
			);
			runOnlyForDeploymentPostprocessing = 0;
		};
/* End PBXResourcesBuildPhase section */

/* Begin PBXSourcesBuildPhase section */
		339E835529F27C7800614D32 /* Sources */ = {
			isa = PBXSourcesBuildPhase;
			buildActionMask = 2147483647;
			files = (
				33B9357A29FBA1CD0091FFB7 /* Lesson7.swift in Sources */,
				33B9357429FB9DC90091FFB7 /* Lesson4.swift in Sources */,
				339E835F29F27C7800614D32 /* ContentView.swift in Sources */,
				33B9357829FBA08A0091FFB7 /* Lesson6.swift in Sources */,
				33B9357229FB9C9E0091FFB7 /* Lesson3.swift in Sources */,
				33B9357629FB9F600091FFB7 /* Lesson5.swift in Sources */,
				339E835D29F27C7800614D32 /* swiftUI_100App.swift in Sources */,
				33B9357029FB9AA20091FFB7 /* Lesson2.swift in Sources */,
				339E838729F2813700614D32 /* swiftUI001.swift in Sources */,
			);
			runOnlyForDeploymentPostprocessing = 0;
		};
		339E836529F27C7900614D32 /* Sources */ = {
			isa = PBXSourcesBuildPhase;
			buildActionMask = 2147483647;
			files = (
				339E836E29F27C7900614D32 /* swiftUI_100Tests.swift in Sources */,
			);
			runOnlyForDeploymentPostprocessing = 0;
		};
		339E836F29F27C7900614D32 /* Sources */ = {
			isa = PBXSourcesBuildPhase;
			buildActionMask = 2147483647;
			files = (
				339E837A29F27C7900614D32 /* swiftUI_100UITestsLaunchTests.swift in Sources */,
				339E837829F27C7900614D32 /* swiftUI_100UITests.swift in Sources */,
			);
			runOnlyForDeploymentPostprocessing = 0;
		};
/* End PBXSourcesBuildPhase section */

/* Begin PBXTargetDependency section */
		339E836B29F27C7900614D32 /* PBXTargetDependency */ = {
			isa = PBXTargetDependency;
			target = 339E835829F27C7800614D32 /* swiftUI_100 */;
			targetProxy = 339E836A29F27C7900614D32 /* PBXContainerItemProxy */;
		};
		339E837529F27C7900614D32 /* PBXTargetDependency */ = {
			isa = PBXTargetDependency;
			target = 339E835829F27C7800614D32 /* swiftUI_100 */;
			targetProxy = 339E837429F27C7900614D32 /* PBXContainerItemProxy */;
		};
/* End PBXTargetDependency section */

/* Begin XCBuildConfiguration section */
		339E837B29F27C7900614D32 /* Debug */ = {
			isa = XCBuildConfiguration;
			buildSettings = {
				ALWAYS_SEARCH_USER_PATHS = NO;
				CLANG_ANALYZER_NONNULL = YES;
				CLANG_ANALYZER_NUMBER_OBJECT_CONVERSION = YES_AGGRESSIVE;
				CLANG_CXX_LANGUAGE_STANDARD = "gnu++20";
				CLANG_ENABLE_MODULES = YES;
				CLANG_ENABLE_OBJC_ARC = YES;
				CLANG_ENABLE_OBJC_WEAK = YES;
				CLANG_WARN_BLOCK_CAPTURE_AUTORELEASING = YES;
				CLANG_WARN_BOOL_CONVERSION = YES;
				CLANG_WARN_COMMA = YES;
				CLANG_WARN_CONSTANT_CONVERSION = YES;
				CLANG_WARN_DEPRECATED_OBJC_IMPLEMENTATIONS = YES;
				CLANG_WARN_DIRECT_OBJC_ISA_USAGE = YES_ERROR;
				CLANG_WARN_DOCUMENTATION_COMMENTS = YES;
				CLANG_WARN_EMPTY_BODY = YES;
				CLANG_WARN_ENUM_CONVERSION = YES;
				CLANG_WARN_INFINITE_RECURSION = YES;
				CLANG_WARN_INT_CONVERSION = YES;
				CLANG_WARN_NON_LITERAL_NULL_CONVERSION = YES;
				CLANG_WARN_OBJC_IMPLICIT_RETAIN_SELF = YES;
				CLANG_WARN_OBJC_LITERAL_CONVERSION = YES;
				CLANG_WARN_OBJC_ROOT_CLASS = YES_ERROR;
				CLANG_WARN_QUOTED_INCLUDE_IN_FRAMEWORK_HEADER = YES;
				CLANG_WARN_RANGE_LOOP_ANALYSIS = YES;
				CLANG_WARN_STRICT_PROTOTYPES = YES;
				CLANG_WARN_SUSPICIOUS_MOVE = YES;
				CLANG_WARN_UNGUARDED_AVAILABILITY = YES_AGGRESSIVE;
				CLANG_WARN_UNREACHABLE_CODE = YES;
				CLANG_WARN__DUPLICATE_METHOD_MATCH = YES;
				COPY_PHASE_STRIP = NO;
				DEBUG_INFORMATION_FORMAT = dwarf;
				ENABLE_STRICT_OBJC_MSGSEND = YES;
				ENABLE_TESTABILITY = YES;
				GCC_C_LANGUAGE_STANDARD = gnu11;
				GCC_DYNAMIC_NO_PIC = NO;
				GCC_NO_COMMON_BLOCKS = YES;
				GCC_OPTIMIZATION_LEVEL = 0;
				GCC_PREPROCESSOR_DEFINITIONS = (
					"DEBUG=1",
					"$(inherited)",
				);
				GCC_WARN_64_TO_32_BIT_CONVERSION = YES;
				GCC_WARN_ABOUT_RETURN_TYPE = YES_ERROR;
				GCC_WARN_UNDECLARED_SELECTOR = YES;
				GCC_WARN_UNINITIALIZED_AUTOS = YES_AGGRESSIVE;
				GCC_WARN_UNUSED_FUNCTION = YES;
				GCC_WARN_UNUSED_VARIABLE = YES;
				IPHONEOS_DEPLOYMENT_TARGET = 16.0;
				MTL_ENABLE_DEBUG_INFO = INCLUDE_SOURCE;
				MTL_FAST_MATH = YES;
				ONLY_ACTIVE_ARCH = YES;
				SDKROOT = iphoneos;
				SWIFT_ACTIVE_COMPILATION_CONDITIONS = DEBUG;
				SWIFT_OPTIMIZATION_LEVEL = "-Onone";
			};
			name = Debug;
		};
		339E837C29F27C7900614D32 /* Release */ = {
			isa = XCBuildConfiguration;
			buildSettings = {
				ALWAYS_SEARCH_USER_PATHS = NO;
				CLANG_ANALYZER_NONNULL = YES;
				CLANG_ANALYZER_NUMBER_OBJECT_CONVERSION = YES_AGGRESSIVE;
				CLANG_CXX_LANGUAGE_STANDARD = "gnu++20";
				CLANG_ENABLE_MODULES = YES;
				CLANG_ENABLE_OBJC_ARC = YES;
				CLANG_ENABLE_OBJC_WEAK = YES;
				CLANG_WARN_BLOCK_CAPTURE_AUTORELEASING = YES;
				CLANG_WARN_BOOL_CONVERSION = YES;
				CLANG_WARN_COMMA = YES;
				CLANG_WARN_CONSTANT_CONVERSION = YES;
				CLANG_WARN_DEPRECATED_OBJC_IMPLEMENTATIONS = YES;
				CLANG_WARN_DIRECT_OBJC_ISA_USAGE = YES_ERROR;
				CLANG_WARN_DOCUMENTATION_COMMENTS = YES;
				CLANG_WARN_EMPTY_BODY = YES;
				CLANG_WARN_ENUM_CONVERSION = YES;
				CLANG_WARN_INFINITE_RECURSION = YES;
				CLANG_WARN_INT_CONVERSION = YES;
				CLANG_WARN_NON_LITERAL_NULL_CONVERSION = YES;
				CLANG_WARN_OBJC_IMPLICIT_RETAIN_SELF = YES;
				CLANG_WARN_OBJC_LITERAL_CONVERSION = YES;
				CLANG_WARN_OBJC_ROOT_CLASS = YES_ERROR;
				CLANG_WARN_QUOTED_INCLUDE_IN_FRAMEWORK_HEADER = YES;
				CLANG_WARN_RANGE_LOOP_ANALYSIS = YES;
				CLANG_WARN_STRICT_PROTOTYPES = YES;
				CLANG_WARN_SUSPICIOUS_MOVE = YES;
				CLANG_WARN_UNGUARDED_AVAILABILITY = YES_AGGRESSIVE;
				CLANG_WARN_UNREACHABLE_CODE = YES;
				CLANG_WARN__DUPLICATE_METHOD_MATCH = YES;
				COPY_PHASE_STRIP = NO;
				DEBUG_INFORMATION_FORMAT = "dwarf-with-dsym";
				ENABLE_NS_ASSERTIONS = NO;
				ENABLE_STRICT_OBJC_MSGSEND = YES;
				GCC_C_LANGUAGE_STANDARD = gnu11;
				GCC_NO_COMMON_BLOCKS = YES;
				GCC_WARN_64_TO_32_BIT_CONVERSION = YES;
				GCC_WARN_ABOUT_RETURN_TYPE = YES_ERROR;
				GCC_WARN_UNDECLARED_SELECTOR = YES;
				GCC_WARN_UNINITIALIZED_AUTOS = YES_AGGRESSIVE;
				GCC_WARN_UNUSED_FUNCTION = YES;
				GCC_WARN_UNUSED_VARIABLE = YES;
				IPHONEOS_DEPLOYMENT_TARGET = 16.0;
				MTL_ENABLE_DEBUG_INFO = NO;
				MTL_FAST_MATH = YES;
				SDKROOT = iphoneos;
				SWIFT_COMPILATION_MODE = wholemodule;
				SWIFT_OPTIMIZATION_LEVEL = "-O";
				VALIDATE_PRODUCT = YES;
			};
			name = Release;
		};
		339E837E29F27C7900614D32 /* Debug */ = {
			isa = XCBuildConfiguration;
			buildSettings = {
				ASSETCATALOG_COMPILER_APPICON_NAME = AppIcon;
				ASSETCATALOG_COMPILER_GLOBAL_ACCENT_COLOR_NAME = AccentColor;
				CODE_SIGN_STYLE = Automatic;
				CURRENT_PROJECT_VERSION = 1;
				DEVELOPMENT_ASSET_PATHS = "\"swiftUI_100/Preview Content\"";
				DEVELOPMENT_TEAM = TZRK429442;
				ENABLE_PREVIEWS = YES;
				GENERATE_INFOPLIST_FILE = YES;
				INFOPLIST_KEY_UIApplicationSceneManifest_Generation = YES;
				INFOPLIST_KEY_UIApplicationSupportsIndirectInputEvents = YES;
				INFOPLIST_KEY_UILaunchScreen_Generation = YES;
				INFOPLIST_KEY_UISupportedInterfaceOrientations_iPad = "UIInterfaceOrientationPortrait UIInterfaceOrientationPortraitUpsideDown UIInterfaceOrientationLandscapeLeft UIInterfaceOrientationLandscapeRight";
				INFOPLIST_KEY_UISupportedInterfaceOrientations_iPhone = "UIInterfaceOrientationPortrait UIInterfaceOrientationLandscapeLeft UIInterfaceOrientationLandscapeRight";
				LD_RUNPATH_SEARCH_PATHS = (
					"$(inherited)",
					"@executable_path/Frameworks",
				);
				MARKETING_VERSION = 1.0;
				PRODUCT_BUNDLE_IDENTIFIER = "com.tech.ver.swiftUI-100";
				PRODUCT_NAME = "$(TARGET_NAME)";
				SWIFT_EMIT_LOC_STRINGS = YES;
				SWIFT_VERSION = 5.0;
				TARGETED_DEVICE_FAMILY = "1,2";
			};
			name = Debug;
		};
		339E837F29F27C7900614D32 /* Release */ = {
			isa = XCBuildConfiguration;
			buildSettings = {
				ASSETCATALOG_COMPILER_APPICON_NAME = AppIcon;
				ASSETCATALOG_COMPILER_GLOBAL_ACCENT_COLOR_NAME = AccentColor;
				CODE_SIGN_STYLE = Automatic;
				CURRENT_PROJECT_VERSION = 1;
				DEVELOPMENT_ASSET_PATHS = "\"swiftUI_100/Preview Content\"";
				DEVELOPMENT_TEAM = TZRK429442;
				ENABLE_PREVIEWS = YES;
				GENERATE_INFOPLIST_FILE = YES;
				INFOPLIST_KEY_UIApplicationSceneManifest_Generation = YES;
				INFOPLIST_KEY_UIApplicationSupportsIndirectInputEvents = YES;
				INFOPLIST_KEY_UILaunchScreen_Generation = YES;
				INFOPLIST_KEY_UISupportedInterfaceOrientations_iPad = "UIInterfaceOrientationPortrait UIInterfaceOrientationPortraitUpsideDown UIInterfaceOrientationLandscapeLeft UIInterfaceOrientationLandscapeRight";
				INFOPLIST_KEY_UISupportedInterfaceOrientations_iPhone = "UIInterfaceOrientationPortrait UIInterfaceOrientationLandscapeLeft UIInterfaceOrientationLandscapeRight";
				LD_RUNPATH_SEARCH_PATHS = (
					"$(inherited)",
					"@executable_path/Frameworks",
				);
				MARKETING_VERSION = 1.0;
				PRODUCT_BUNDLE_IDENTIFIER = "com.tech.ver.swiftUI-100";
				PRODUCT_NAME = "$(TARGET_NAME)";
				SWIFT_EMIT_LOC_STRINGS = YES;
				SWIFT_VERSION = 5.0;
				TARGETED_DEVICE_FAMILY = "1,2";
			};
			name = Release;
		};
		339E838129F27C7900614D32 /* Debug */ = {
			isa = XCBuildConfiguration;
			buildSettings = {
				ALWAYS_EMBED_SWIFT_STANDARD_LIBRARIES = YES;
				BUNDLE_LOADER = "$(TEST_HOST)";
				CODE_SIGN_STYLE = Automatic;
				CURRENT_PROJECT_VERSION = 1;
				DEVELOPMENT_TEAM = TZRK429442;
				GENERATE_INFOPLIST_FILE = YES;
				IPHONEOS_DEPLOYMENT_TARGET = 16.0;
				MARKETING_VERSION = 1.0;
				PRODUCT_BUNDLE_IDENTIFIER = "com.tech.ver.swiftUI-100Tests";
				PRODUCT_NAME = "$(TARGET_NAME)";
				SWIFT_EMIT_LOC_STRINGS = NO;
				SWIFT_VERSION = 5.0;
				TARGETED_DEVICE_FAMILY = "1,2";
				TEST_HOST = "$(BUILT_PRODUCTS_DIR)/swiftUI_100.app/$(BUNDLE_EXECUTABLE_FOLDER_PATH)/swiftUI_100";
			};
			name = Debug;
		};
		339E838229F27C7900614D32 /* Release */ = {
			isa = XCBuildConfiguration;
			buildSettings = {
				ALWAYS_EMBED_SWIFT_STANDARD_LIBRARIES = YES;
				BUNDLE_LOADER = "$(TEST_HOST)";
				CODE_SIGN_STYLE = Automatic;
				CURRENT_PROJECT_VERSION = 1;
				DEVELOPMENT_TEAM = TZRK429442;
				GENERATE_INFOPLIST_FILE = YES;
				IPHONEOS_DEPLOYMENT_TARGET = 16.0;
				MARKETING_VERSION = 1.0;
				PRODUCT_BUNDLE_IDENTIFIER = "com.tech.ver.swiftUI-100Tests";
				PRODUCT_NAME = "$(TARGET_NAME)";
				SWIFT_EMIT_LOC_STRINGS = NO;
				SWIFT_VERSION = 5.0;
				TARGETED_DEVICE_FAMILY = "1,2";
				TEST_HOST = "$(BUILT_PRODUCTS_DIR)/swiftUI_100.app/$(BUNDLE_EXECUTABLE_FOLDER_PATH)/swiftUI_100";
			};
			name = Release;
		};
		339E838429F27C7900614D32 /* Debug */ = {
			isa = XCBuildConfiguration;
			buildSettings = {
				ALWAYS_EMBED_SWIFT_STANDARD_LIBRARIES = YES;
				CODE_SIGN_STYLE = Automatic;
				CURRENT_PROJECT_VERSION = 1;
				DEVELOPMENT_TEAM = TZRK429442;
				GENERATE_INFOPLIST_FILE = YES;
				MARKETING_VERSION = 1.0;
				PRODUCT_BUNDLE_IDENTIFIER = "com.tech.ver.swiftUI-100UITests";
				PRODUCT_NAME = "$(TARGET_NAME)";
				SWIFT_EMIT_LOC_STRINGS = NO;
				SWIFT_VERSION = 5.0;
				TARGETED_DEVICE_FAMILY = "1,2";
				TEST_TARGET_NAME = swiftUI_100;
			};
			name = Debug;
		};
		339E838529F27C7900614D32 /* Release */ = {
			isa = XCBuildConfiguration;
			buildSettings = {
				ALWAYS_EMBED_SWIFT_STANDARD_LIBRARIES = YES;
				CODE_SIGN_STYLE = Automatic;
				CURRENT_PROJECT_VERSION = 1;
				DEVELOPMENT_TEAM = TZRK429442;
				GENERATE_INFOPLIST_FILE = YES;
				MARKETING_VERSION = 1.0;
				PRODUCT_BUNDLE_IDENTIFIER = "com.tech.ver.swiftUI-100UITests";
				PRODUCT_NAME = "$(TARGET_NAME)";
				SWIFT_EMIT_LOC_STRINGS = NO;
				SWIFT_VERSION = 5.0;
				TARGETED_DEVICE_FAMILY = "1,2";
				TEST_TARGET_NAME = swiftUI_100;
			};
			name = Release;
		};
/* End XCBuildConfiguration section */

/* Begin XCConfigurationList section */
		339E835429F27C7800614D32 /* Build configuration list for PBXProject "swiftUI_100" */ = {
			isa = XCConfigurationList;
			buildConfigurations = (
				339E837B29F27C7900614D32 /* Debug */,
				339E837C29F27C7900614D32 /* Release */,
			);
			defaultConfigurationIsVisible = 0;
			defaultConfigurationName = Release;
		};
		339E837D29F27C7900614D32 /* Build configuration list for PBXNativeTarget "swiftUI_100" */ = {
			isa = XCConfigurationList;
			buildConfigurations = (
				339E837E29F27C7900614D32 /* Debug */,
				339E837F29F27C7900614D32 /* Release */,
			);
			defaultConfigurationIsVisible = 0;
			defaultConfigurationName = Release;
		};
		339E838029F27C7900614D32 /* Build configuration list for PBXNativeTarget "swiftUI_100Tests" */ = {
			isa = XCConfigurationList;
			buildConfigurations = (
				339E838129F27C7900614D32 /* Debug */,
				339E838229F27C7900614D32 /* Release */,
			);
			defaultConfigurationIsVisible = 0;
			defaultConfigurationName = Release;
		};
		339E838329F27C7900614D32 /* Build configuration list for PBXNativeTarget "swiftUI_100UITests" */ = {
			isa = XCConfigurationList;
			buildConfigurations = (
				339E838429F27C7900614D32 /* Debug */,
				339E838529F27C7900614D32 /* Release */,
			);
			defaultConfigurationIsVisible = 0;
			defaultConfigurationName = Release;
		};
/* End XCConfigurationList section */
	};
	rootObject = 339E835129F27C7800614D32 /* Project object */;
}
